// !$*UTF8*$!
{
	archiveVersion = 1;
	classes = {
	};
	objectVersion = 46;
	objects = {

/* Begin PBXBuildFile section */
		4B097E961CBDD2590004B4C0 /* ContentView.swift in Sources */ = {isa = PBXBuildFile; fileRef = 4B097E951CBDD2590004B4C0 /* ContentView.swift */; };
		4B0B5D931CB77BFA0038FF7B /* vc1Controller.swift in Sources */ = {isa = PBXBuildFile; fileRef = 4B0B5D921CB77BFA0038FF7B /* vc1Controller.swift */; };
		4B0B5D951CB77C080038FF7B /* Vc2Controller.swift in Sources */ = {isa = PBXBuildFile; fileRef = 4B0B5D941CB77C080038FF7B /* Vc2Controller.swift */; };
		4B0B5D971CB77C120038FF7B /* Vc3Controller.swift in Sources */ = {isa = PBXBuildFile; fileRef = 4B0B5D961CB77C120038FF7B /* Vc3Controller.swift */; };
		4B0B5D991CB77C1B0038FF7B /* Vc4Controller.swift in Sources */ = {isa = PBXBuildFile; fileRef = 4B0B5D981CB77C1B0038FF7B /* Vc4Controller.swift */; };
		4B0B5D9B1CB77C230038FF7B /* Vc5Controller.swift in Sources */ = {isa = PBXBuildFile; fileRef = 4B0B5D9A1CB77C230038FF7B /* Vc5Controller.swift */; };
		4B0DD6F61CB49EEC00439631 /* AppDelegate.swift in Sources */ = {isa = PBXBuildFile; fileRef = 4B0DD6F51CB49EEC00439631 /* AppDelegate.swift */; };
		4B0DD6F81CB49EEC00439631 /* ViewController.swift in Sources */ = {isa = PBXBuildFile; fileRef = 4B0DD6F71CB49EEC00439631 /* ViewController.swift */; };
		4B0DD6FB1CB49EEC00439631 /* Main.storyboard in Resources */ = {isa = PBXBuildFile; fileRef = 4B0DD6F91CB49EEC00439631 /* Main.storyboard */; };
		4B0DD6FD1CB49EEC00439631 /* Assets.xcassets in Resources */ = {isa = PBXBuildFile; fileRef = 4B0DD6FC1CB49EEC00439631 /* Assets.xcassets */; };
		4B0DD7001CB49EEC00439631 /* LaunchScreen.storyboard in Resources */ = {isa = PBXBuildFile; fileRef = 4B0DD6FE1CB49EEC00439631 /* LaunchScreen.storyboard */; };
		4B0DD70B1CB49EEC00439631 /* ScrollViewControllerTests.swift in Sources */ = {isa = PBXBuildFile; fileRef = 4B0DD70A1CB49EEC00439631 /* ScrollViewControllerTests.swift */; };
		4B0DD7161CB49EEC00439631 /* ScrollViewControllerUITests.swift in Sources */ = {isa = PBXBuildFile; fileRef = 4B0DD7151CB49EEC00439631 /* ScrollViewControllerUITests.swift */; };
		4B0DD7241CB4F0CA00439631 /* ScrollSegmentView.swift in Sources */ = {isa = PBXBuildFile; fileRef = 4B0DD7231CB4F0CA00439631 /* ScrollSegmentView.swift */; };
		4B0DD7261CB4F3A300439631 /* ScrollPageView.swift in Sources */ = {isa = PBXBuildFile; fileRef = 4B0DD7251CB4F3A300439631 /* ScrollPageView.swift */; };
		4B3234171CC70583000E9326 /* Vc7Controller.swift in Sources */ = {isa = PBXBuildFile; fileRef = 4B3234161CC70583000E9326 /* Vc7Controller.swift */; };
		4B876A581CBE6AB4004EB4CF /* SegmentStyle.swift in Sources */ = {isa = PBXBuildFile; fileRef = 4B876A571CBE6AB4004EB4CF /* SegmentStyle.swift */; };
		4B876A5A1CBE9C71004EB4CF /* Vc6Controller.swift in Sources */ = {isa = PBXBuildFile; fileRef = 4B876A591CBE9C71004EB4CF /* Vc6Controller.swift */; };
		4B876A5C1CBEA18E004EB4CF /* TestController.swift in Sources */ = {isa = PBXBuildFile; fileRef = 4B876A5B1CBEA18E004EB4CF /* TestController.swift */; };
/* End PBXBuildFile section */

/* Begin PBXContainerItemProxy section */
		4B0DD7071CB49EEC00439631 /* PBXContainerItemProxy */ = {
			isa = PBXContainerItemProxy;
			containerPortal = 4B0DD6EA1CB49EEC00439631 /* Project object */;
			proxyType = 1;
			remoteGlobalIDString = 4B0DD6F11CB49EEC00439631;
			remoteInfo = ScrollViewController;
		};
		4B0DD7121CB49EEC00439631 /* PBXContainerItemProxy */ = {
			isa = PBXContainerItemProxy;
			containerPortal = 4B0DD6EA1CB49EEC00439631 /* Project object */;
			proxyType = 1;
			remoteGlobalIDString = 4B0DD6F11CB49EEC00439631;
			remoteInfo = ScrollViewController;
		};
/* End PBXContainerItemProxy section */

/* Begin PBXFileReference section */
		4B097E951CBDD2590004B4C0 /* ContentView.swift */ = {isa = PBXFileReference; fileEncoding = 4; lastKnownFileType = sourcecode.swift; path = ContentView.swift; sourceTree = "<group>"; };
		4B0B5D921CB77BFA0038FF7B /* vc1Controller.swift */ = {isa = PBXFileReference; fileEncoding = 4; lastKnownFileType = sourcecode.swift; path = vc1Controller.swift; sourceTree = "<group>"; };
		4B0B5D941CB77C080038FF7B /* Vc2Controller.swift */ = {isa = PBXFileReference; fileEncoding = 4; lastKnownFileType = sourcecode.swift; path = Vc2Controller.swift; sourceTree = "<group>"; };
		4B0B5D961CB77C120038FF7B /* Vc3Controller.swift */ = {isa = PBXFileReference; fileEncoding = 4; lastKnownFileType = sourcecode.swift; path = Vc3Controller.swift; sourceTree = "<group>"; };
		4B0B5D981CB77C1B0038FF7B /* Vc4Controller.swift */ = {isa = PBXFileReference; fileEncoding = 4; lastKnownFileType = sourcecode.swift; path = Vc4Controller.swift; sourceTree = "<group>"; };
		4B0B5D9A1CB77C230038FF7B /* Vc5Controller.swift */ = {isa = PBXFileReference; fileEncoding = 4; lastKnownFileType = sourcecode.swift; path = Vc5Controller.swift; sourceTree = "<group>"; };
		4B0DD6F21CB49EEC00439631 /* ScrollViewController.app */ = {isa = PBXFileReference; explicitFileType = wrapper.application; includeInIndex = 0; path = ScrollViewController.app; sourceTree = BUILT_PRODUCTS_DIR; };
		4B0DD6F51CB49EEC00439631 /* AppDelegate.swift */ = {isa = PBXFileReference; lastKnownFileType = sourcecode.swift; path = AppDelegate.swift; sourceTree = "<group>"; };
		4B0DD6F71CB49EEC00439631 /* ViewController.swift */ = {isa = PBXFileReference; lastKnownFileType = sourcecode.swift; path = ViewController.swift; sourceTree = "<group>"; };
		4B0DD6FA1CB49EEC00439631 /* Base */ = {isa = PBXFileReference; lastKnownFileType = file.storyboard; name = Base; path = Base.lproj/Main.storyboard; sourceTree = "<group>"; };
		4B0DD6FC1CB49EEC00439631 /* Assets.xcassets */ = {isa = PBXFileReference; lastKnownFileType = folder.assetcatalog; path = Assets.xcassets; sourceTree = "<group>"; };
		4B0DD6FF1CB49EEC00439631 /* Base */ = {isa = PBXFileReference; lastKnownFileType = file.storyboard; name = Base; path = Base.lproj/LaunchScreen.storyboard; sourceTree = "<group>"; };
		4B0DD7011CB49EEC00439631 /* Info.plist */ = {isa = PBXFileReference; lastKnownFileType = text.plist.xml; path = Info.plist; sourceTree = "<group>"; };
		4B0DD7061CB49EEC00439631 /* ScrollViewControllerTests.xctest */ = {isa = PBXFileReference; explicitFileType = wrapper.cfbundle; includeInIndex = 0; path = ScrollViewControllerTests.xctest; sourceTree = BUILT_PRODUCTS_DIR; };
		4B0DD70A1CB49EEC00439631 /* ScrollViewControllerTests.swift */ = {isa = PBXFileReference; lastKnownFileType = sourcecode.swift; path = ScrollViewControllerTests.swift; sourceTree = "<group>"; };
		4B0DD70C1CB49EEC00439631 /* Info.plist */ = {isa = PBXFileReference; lastKnownFileType = text.plist.xml; path = Info.plist; sourceTree = "<group>"; };
		4B0DD7111CB49EEC00439631 /* ScrollViewControllerUITests.xctest */ = {isa = PBXFileReference; explicitFileType = wrapper.cfbundle; includeInIndex = 0; path = ScrollViewControllerUITests.xctest; sourceTree = BUILT_PRODUCTS_DIR; };
		4B0DD7151CB49EEC00439631 /* ScrollViewControllerUITests.swift */ = {isa = PBXFileReference; lastKnownFileType = sourcecode.swift; path = ScrollViewControllerUITests.swift; sourceTree = "<group>"; };
		4B0DD7171CB49EEC00439631 /* Info.plist */ = {isa = PBXFileReference; lastKnownFileType = text.plist.xml; path = Info.plist; sourceTree = "<group>"; };
		4B0DD7231CB4F0CA00439631 /* ScrollSegmentView.swift */ = {isa = PBXFileReference; fileEncoding = 4; lastKnownFileType = sourcecode.swift; path = ScrollSegmentView.swift; sourceTree = "<group>"; };
		4B0DD7251CB4F3A300439631 /* ScrollPageView.swift */ = {isa = PBXFileReference; fileEncoding = 4; lastKnownFileType = sourcecode.swift; path = ScrollPageView.swift; sourceTree = "<group>"; };
		4B3234161CC70583000E9326 /* Vc7Controller.swift */ = {isa = PBXFileReference; fileEncoding = 4; lastKnownFileType = sourcecode.swift; path = Vc7Controller.swift; sourceTree = "<group>"; };
		4B876A571CBE6AB4004EB4CF /* SegmentStyle.swift */ = {isa = PBXFileReference; fileEncoding = 4; lastKnownFileType = sourcecode.swift; path = SegmentStyle.swift; sourceTree = "<group>"; };
		4B876A591CBE9C71004EB4CF /* Vc6Controller.swift */ = {isa = PBXFileReference; fileEncoding = 4; lastKnownFileType = sourcecode.swift; path = Vc6Controller.swift; sourceTree = "<group>"; };
		4B876A5B1CBEA18E004EB4CF /* TestController.swift */ = {isa = PBXFileReference; fileEncoding = 4; lastKnownFileType = sourcecode.swift; path = TestController.swift; sourceTree = "<group>"; };
/* End PBXFileReference section */

/* Begin PBXFrameworksBuildPhase section */
		4B0DD6EF1CB49EEC00439631 /* Frameworks */ = {
			isa = PBXFrameworksBuildPhase;
			buildActionMask = 2147483647;
			files = (
			);
			runOnlyForDeploymentPostprocessing = 0;
		};
		4B0DD7031CB49EEC00439631 /* Frameworks */ = {
			isa = PBXFrameworksBuildPhase;
			buildActionMask = 2147483647;
			files = (
			);
			runOnlyForDeploymentPostprocessing = 0;
		};
		4B0DD70E1CB49EEC00439631 /* Frameworks */ = {
			isa = PBXFrameworksBuildPhase;
			buildActionMask = 2147483647;
			files = (
			);
			runOnlyForDeploymentPostprocessing = 0;
		};
/* End PBXFrameworksBuildPhase section */

/* Begin PBXGroup section */
		4B0DD6E91CB49EEC00439631 = {
			isa = PBXGroup;
			children = (
				4B0DD6F41CB49EEC00439631 /* ScrollViewController */,
				4B0DD7091CB49EEC00439631 /* ScrollViewControllerTests */,
				4B0DD7141CB49EEC00439631 /* ScrollViewControllerUITests */,
				4B0DD6F31CB49EEC00439631 /* Products */,
			);
			sourceTree = "<group>";
		};
		4B0DD6F31CB49EEC00439631 /* Products */ = {
			isa = PBXGroup;
			children = (
				4B0DD6F21CB49EEC00439631 /* ScrollViewController.app */,
				4B0DD7061CB49EEC00439631 /* ScrollViewControllerTests.xctest */,
				4B0DD7111CB49EEC00439631 /* ScrollViewControllerUITests.xctest */,
			);
			name = Products;
			sourceTree = "<group>";
		};
		4B0DD6F41CB49EEC00439631 /* ScrollViewController */ = {
			isa = PBXGroup;
			children = (
				4B0DD6F51CB49EEC00439631 /* AppDelegate.swift */,
				4B0DD6F71CB49EEC00439631 /* ViewController.swift */,
				4BE654021CBF37F400D95E25 /* 缩放+颜色渐变 效果 */,
				4BE654031CBF37FD00D95E25 /* 遮盖+颜色渐变 效果 */,
				4BE654041CBF380500D95E25 /* 滚动条+颜色渐变 效果 */,
				4BE654051CBF380E00D95E25 /* 遮盖+缩放+没有颜色渐变 效果 */,
				4BE654061CBF381700D95E25 /* 标题不滚动+遮盖+颜色渐变 效果 */,
				4BE654071CBF381D00D95E25 /* 自定义segmentView和contentView位置的效果) */,
				4B876A5B1CBEA18E004EB4CF /* TestController.swift */,
				4B3234181CC70593000E9326 /* 有headView的效果(简书个人页面) */,
				4B0DD6F91CB49EEC00439631 /* Main.storyboard */,
				4B0DD6FC1CB49EEC00439631 /* Assets.xcassets */,
				4B0DD6FE1CB49EEC00439631 /* LaunchScreen.storyboard */,
				4B0DD7011CB49EEC00439631 /* Info.plist */,
				4BE654081CBF382D00D95E25 /* ScrollPageView */,
			);
			path = ScrollViewController;
			sourceTree = "<group>";
		};
		4B0DD7091CB49EEC00439631 /* ScrollViewControllerTests */ = {
			isa = PBXGroup;
			children = (
				4B0DD70A1CB49EEC00439631 /* ScrollViewControllerTests.swift */,
				4B0DD70C1CB49EEC00439631 /* Info.plist */,
			);
			path = ScrollViewControllerTests;
			sourceTree = "<group>";
		};
		4B0DD7141CB49EEC00439631 /* ScrollViewControllerUITests */ = {
			isa = PBXGroup;
			children = (
				4B0DD7151CB49EEC00439631 /* ScrollViewControllerUITests.swift */,
				4B0DD7171CB49EEC00439631 /* Info.plist */,
			);
			path = ScrollViewControllerUITests;
			sourceTree = "<group>";
		};
		4B3234181CC70593000E9326 /* 有headView的效果(简书个人页面) */ = {
			isa = PBXGroup;
			children = (
				4B3234161CC70583000E9326 /* Vc7Controller.swift */,
			);
			name = "有headView的效果(简书个人页面)";
			sourceTree = "<group>";
		};
		4BE654021CBF37F400D95E25 /* 缩放+颜色渐变 效果 */ = {
			isa = PBXGroup;
			children = (
				4B0B5D921CB77BFA0038FF7B /* vc1Controller.swift */,
			);
			name = "缩放+颜色渐变 效果";
			sourceTree = "<group>";
		};
		4BE654031CBF37FD00D95E25 /* 遮盖+颜色渐变 效果 */ = {
			isa = PBXGroup;
			children = (
				4B0B5D941CB77C080038FF7B /* Vc2Controller.swift */,
			);
			name = "遮盖+颜色渐变 效果";
			sourceTree = "<group>";
		};
		4BE654041CBF380500D95E25 /* 滚动条+颜色渐变 效果 */ = {
			isa = PBXGroup;
			children = (
				4B0B5D961CB77C120038FF7B /* Vc3Controller.swift */,
			);
			name = "滚动条+颜色渐变 效果";
			sourceTree = "<group>";
		};
		4BE654051CBF380E00D95E25 /* 遮盖+缩放+没有颜色渐变 效果 */ = {
			isa = PBXGroup;
			children = (
				4B0B5D981CB77C1B0038FF7B /* Vc4Controller.swift */,
			);
			name = "遮盖+缩放+没有颜色渐变 效果";
			sourceTree = "<group>";
		};
		4BE654061CBF381700D95E25 /* 标题不滚动+遮盖+颜色渐变 效果 */ = {
			isa = PBXGroup;
			children = (
				4B0B5D9A1CB77C230038FF7B /* Vc5Controller.swift */,
			);
			name = "标题不滚动+遮盖+颜色渐变 效果";
			sourceTree = "<group>";
		};
		4BE654071CBF381D00D95E25 /* 自定义segmentView和contentView位置的效果) */ = {
			isa = PBXGroup;
			children = (
				4B876A591CBE9C71004EB4CF /* Vc6Controller.swift */,
			);
			name = "自定义segmentView和contentView位置的效果)";
			sourceTree = "<group>";
		};
		4BE654081CBF382D00D95E25 /* ScrollPageView */ = {
			isa = PBXGroup;
			children = (
				4B0DD7231CB4F0CA00439631 /* ScrollSegmentView.swift */,
				4B097E951CBDD2590004B4C0 /* ContentView.swift */,
				4B876A571CBE6AB4004EB4CF /* SegmentStyle.swift */,
				4B0DD7251CB4F3A300439631 /* ScrollPageView.swift */,
			);
			name = ScrollPageView;
			sourceTree = "<group>";
		};
/* End PBXGroup section */

/* Begin PBXNativeTarget section */
		4B0DD6F11CB49EEC00439631 /* ScrollViewController */ = {
			isa = PBXNativeTarget;
			buildConfigurationList = 4B0DD71A1CB49EEC00439631 /* Build configuration list for PBXNativeTarget "ScrollViewController" */;
			buildPhases = (
				4B0DD6EE1CB49EEC00439631 /* Sources */,
				4B0DD6EF1CB49EEC00439631 /* Frameworks */,
				4B0DD6F01CB49EEC00439631 /* Resources */,
			);
			buildRules = (
			);
			dependencies = (
			);
			name = ScrollViewController;
			productName = ScrollViewController;
			productReference = 4B0DD6F21CB49EEC00439631 /* ScrollViewController.app */;
			productType = "com.apple.product-type.application";
		};
		4B0DD7051CB49EEC00439631 /* ScrollViewControllerTests */ = {
			isa = PBXNativeTarget;
			buildConfigurationList = 4B0DD71D1CB49EEC00439631 /* Build configuration list for PBXNativeTarget "ScrollViewControllerTests" */;
			buildPhases = (
				4B0DD7021CB49EEC00439631 /* Sources */,
				4B0DD7031CB49EEC00439631 /* Frameworks */,
				4B0DD7041CB49EEC00439631 /* Resources */,
			);
			buildRules = (
			);
			dependencies = (
				4B0DD7081CB49EEC00439631 /* PBXTargetDependency */,
			);
			name = ScrollViewControllerTests;
			productName = ScrollViewControllerTests;
			productReference = 4B0DD7061CB49EEC00439631 /* ScrollViewControllerTests.xctest */;
			productType = "com.apple.product-type.bundle.unit-test";
		};
		4B0DD7101CB49EEC00439631 /* ScrollViewControllerUITests */ = {
			isa = PBXNativeTarget;
			buildConfigurationList = 4B0DD7201CB49EEC00439631 /* Build configuration list for PBXNativeTarget "ScrollViewControllerUITests" */;
			buildPhases = (
				4B0DD70D1CB49EEC00439631 /* Sources */,
				4B0DD70E1CB49EEC00439631 /* Frameworks */,
				4B0DD70F1CB49EEC00439631 /* Resources */,
			);
			buildRules = (
			);
			dependencies = (
				4B0DD7131CB49EEC00439631 /* PBXTargetDependency */,
			);
			name = ScrollViewControllerUITests;
			productName = ScrollViewControllerUITests;
			productReference = 4B0DD7111CB49EEC00439631 /* ScrollViewControllerUITests.xctest */;
			productType = "com.apple.product-type.bundle.ui-testing";
		};
/* End PBXNativeTarget section */

/* Begin PBXProject section */
		4B0DD6EA1CB49EEC00439631 /* Project object */ = {
			isa = PBXProject;
			attributes = {
				LastSwiftUpdateCheck = 0730;
				LastUpgradeCheck = 0730;
				ORGANIZATIONNAME = ZeroJ;
				TargetAttributes = {
					4B0DD6F11CB49EEC00439631 = {
						CreatedOnToolsVersion = 7.3;
					};
					4B0DD7051CB49EEC00439631 = {
						CreatedOnToolsVersion = 7.3;
						TestTargetID = 4B0DD6F11CB49EEC00439631;
					};
					4B0DD7101CB49EEC00439631 = {
						CreatedOnToolsVersion = 7.3;
						TestTargetID = 4B0DD6F11CB49EEC00439631;
					};
				};
			};
			buildConfigurationList = 4B0DD6ED1CB49EEC00439631 /* Build configuration list for PBXProject "ScrollViewController" */;
			compatibilityVersion = "Xcode 3.2";
			developmentRegion = English;
			hasScannedForEncodings = 0;
			knownRegions = (
				en,
				Base,
			);
			mainGroup = 4B0DD6E91CB49EEC00439631;
			productRefGroup = 4B0DD6F31CB49EEC00439631 /* Products */;
			projectDirPath = "";
			projectRoot = "";
			targets = (
				4B0DD6F11CB49EEC00439631 /* ScrollViewController */,
				4B0DD7051CB49EEC00439631 /* ScrollViewControllerTests */,
				4B0DD7101CB49EEC00439631 /* ScrollViewControllerUITests */,
			);
		};
/* End PBXProject section */

/* Begin PBXResourcesBuildPhase section */
		4B0DD6F01CB49EEC00439631 /* Resources */ = {
			isa = PBXResourcesBuildPhase;
			buildActionMask = 2147483647;
			files = (
				4B0DD7001CB49EEC00439631 /* LaunchScreen.storyboard in Resources */,
				4B0DD6FD1CB49EEC00439631 /* Assets.xcassets in Resources */,
				4B0DD6FB1CB49EEC00439631 /* Main.storyboard in Resources */,
			);
			runOnlyForDeploymentPostprocessing = 0;
		};
		4B0DD7041CB49EEC00439631 /* Resources */ = {
			isa = PBXResourcesBuildPhase;
			buildActionMask = 2147483647;
			files = (
			);
			runOnlyForDeploymentPostprocessing = 0;
		};
		4B0DD70F1CB49EEC00439631 /* Resources */ = {
			isa = PBXResourcesBuildPhase;
			buildActionMask = 2147483647;
			files = (
			);
			runOnlyForDeploymentPostprocessing = 0;
		};
/* End PBXResourcesBuildPhase section */

/* Begin PBXSourcesBuildPhase section */
		4B0DD6EE1CB49EEC00439631 /* Sources */ = {
			isa = PBXSourcesBuildPhase;
			buildActionMask = 2147483647;
			files = (
				4B0B5D951CB77C080038FF7B /* Vc2Controller.swift in Sources */,
				4B876A581CBE6AB4004EB4CF /* SegmentStyle.swift in Sources */,
				4B0B5D931CB77BFA0038FF7B /* vc1Controller.swift in Sources */,
				4B0B5D991CB77C1B0038FF7B /* Vc4Controller.swift in Sources */,
				4B0DD7241CB4F0CA00439631 /* ScrollSegmentView.swift in Sources */,
				4B0DD6F81CB49EEC00439631 /* ViewController.swift in Sources */,
				4B0B5D9B1CB77C230038FF7B /* Vc5Controller.swift in Sources */,
				4B097E961CBDD2590004B4C0 /* ContentView.swift in Sources */,
				4B3234171CC70583000E9326 /* Vc7Controller.swift in Sources */,
				4B0DD7261CB4F3A300439631 /* ScrollPageView.swift in Sources */,
				4B876A5A1CBE9C71004EB4CF /* Vc6Controller.swift in Sources */,
				4B0B5D971CB77C120038FF7B /* Vc3Controller.swift in Sources */,
				4B0DD6F61CB49EEC00439631 /* AppDelegate.swift in Sources */,
				4B876A5C1CBEA18E004EB4CF /* TestController.swift in Sources */,
			);
			runOnlyForDeploymentPostprocessing = 0;
		};
		4B0DD7021CB49EEC00439631 /* Sources */ = {
			isa = PBXSourcesBuildPhase;
			buildActionMask = 2147483647;
			files = (
				4B0DD70B1CB49EEC00439631 /* ScrollViewControllerTests.swift in Sources */,
			);
			runOnlyForDeploymentPostprocessing = 0;
		};
		4B0DD70D1CB49EEC00439631 /* Sources */ = {
			isa = PBXSourcesBuildPhase;
			buildActionMask = 2147483647;
			files = (
				4B0DD7161CB49EEC00439631 /* ScrollViewControllerUITests.swift in Sources */,
			);
			runOnlyForDeploymentPostprocessing = 0;
		};
/* End PBXSourcesBuildPhase section */

/* Begin PBXTargetDependency section */
		4B0DD7081CB49EEC00439631 /* PBXTargetDependency */ = {
			isa = PBXTargetDependency;
			target = 4B0DD6F11CB49EEC00439631 /* ScrollViewController */;
			targetProxy = 4B0DD7071CB49EEC00439631 /* PBXContainerItemProxy */;
		};
		4B0DD7131CB49EEC00439631 /* PBXTargetDependency */ = {
			isa = PBXTargetDependency;
			target = 4B0DD6F11CB49EEC00439631 /* ScrollViewController */;
			targetProxy = 4B0DD7121CB49EEC00439631 /* PBXContainerItemProxy */;
		};
/* End PBXTargetDependency section */

/* Begin PBXVariantGroup section */
		4B0DD6F91CB49EEC00439631 /* Main.storyboard */ = {
			isa = PBXVariantGroup;
			children = (
				4B0DD6FA1CB49EEC00439631 /* Base */,
			);
			name = Main.storyboard;
			sourceTree = "<group>";
		};
		4B0DD6FE1CB49EEC00439631 /* LaunchScreen.storyboard */ = {
			isa = PBXVariantGroup;
			children = (
				4B0DD6FF1CB49EEC00439631 /* Base */,
			);
			name = LaunchScreen.storyboard;
			sourceTree = "<group>";
		};
/* End PBXVariantGroup section */

/* Begin XCBuildConfiguration section */
		4B0DD7181CB49EEC00439631 /* Debug */ = {
			isa = XCBuildConfiguration;
			buildSettings = {
				ALWAYS_SEARCH_USER_PATHS = NO;
				CLANG_ANALYZER_NONNULL = YES;
				CLANG_CXX_LANGUAGE_STANDARD = "gnu++0x";
				CLANG_CXX_LIBRARY = "libc++";
				CLANG_ENABLE_MODULES = YES;
				CLANG_ENABLE_OBJC_ARC = YES;
				CLANG_WARN_BOOL_CONVERSION = YES;
				CLANG_WARN_CONSTANT_CONVERSION = YES;
				CLANG_WARN_DIRECT_OBJC_ISA_USAGE = YES_ERROR;
				CLANG_WARN_EMPTY_BODY = YES;
				CLANG_WARN_ENUM_CONVERSION = YES;
				CLANG_WARN_INT_CONVERSION = YES;
				CLANG_WARN_OBJC_ROOT_CLASS = YES_ERROR;
				CLANG_WARN_UNREACHABLE_CODE = YES;
				CLANG_WARN__DUPLICATE_METHOD_MATCH = YES;
				"CODE_SIGN_IDENTITY[sdk=iphoneos*]" = "iPhone Developer";
				COPY_PHASE_STRIP = NO;
				DEBUG_INFORMATION_FORMAT = dwarf;
				ENABLE_STRICT_OBJC_MSGSEND = YES;
				ENABLE_TESTABILITY = YES;
				GCC_C_LANGUAGE_STANDARD = gnu99;
				GCC_DYNAMIC_NO_PIC = NO;
				GCC_NO_COMMON_BLOCKS = YES;
				GCC_OPTIMIZATION_LEVEL = 0;
				GCC_PREPROCESSOR_DEFINITIONS = (
					"DEBUG=1",
					"$(inherited)",
				);
				GCC_WARN_64_TO_32_BIT_CONVERSION = YES;
				GCC_WARN_ABOUT_RETURN_TYPE = YES_ERROR;
				GCC_WARN_UNDECLARED_SELECTOR = YES;
				GCC_WARN_UNINITIALIZED_AUTOS = YES_AGGRESSIVE;
				GCC_WARN_UNUSED_FUNCTION = YES;
				GCC_WARN_UNUSED_VARIABLE = YES;
				IPHONEOS_DEPLOYMENT_TARGET = 9.3;
				MTL_ENABLE_DEBUG_INFO = YES;
				ONLY_ACTIVE_ARCH = YES;
				SDKROOT = iphoneos;
				SWIFT_OPTIMIZATION_LEVEL = "-Onone";
				TARGETED_DEVICE_FAMILY = "1,2";
			};
			name = Debug;
		};
		4B0DD7191CB49EEC00439631 /* Release */ = {
			isa = XCBuildConfiguration;
			buildSettings = {
				ALWAYS_SEARCH_USER_PATHS = NO;
				CLANG_ANALYZER_NONNULL = YES;
				CLANG_CXX_LANGUAGE_STANDARD = "gnu++0x";
				CLANG_CXX_LIBRARY = "libc++";
				CLANG_ENABLE_MODULES = YES;
				CLANG_ENABLE_OBJC_ARC = YES;
				CLANG_WARN_BOOL_CONVERSION = YES;
				CLANG_WARN_CONSTANT_CONVERSION = YES;
				CLANG_WARN_DIRECT_OBJC_ISA_USAGE = YES_ERROR;
				CLANG_WARN_EMPTY_BODY = YES;
				CLANG_WARN_ENUM_CONVERSION = YES;
				CLANG_WARN_INT_CONVERSION = YES;
				CLANG_WARN_OBJC_ROOT_CLASS = YES_ERROR;
				CLANG_WARN_UNREACHABLE_CODE = YES;
				CLANG_WARN__DUPLICATE_METHOD_MATCH = YES;
				"CODE_SIGN_IDENTITY[sdk=iphoneos*]" = "iPhone Developer";
				COPY_PHASE_STRIP = NO;
				DEBUG_INFORMATION_FORMAT = "dwarf-with-dsym";
				ENABLE_NS_ASSERTIONS = NO;
				ENABLE_STRICT_OBJC_MSGSEND = YES;
				GCC_C_LANGUAGE_STANDARD = gnu99;
				GCC_NO_COMMON_BLOCKS = YES;
				GCC_WARN_64_TO_32_BIT_CONVERSION = YES;
				GCC_WARN_ABOUT_RETURN_TYPE = YES_ERROR;
				GCC_WARN_UNDECLARED_SELECTOR = YES;
				GCC_WARN_UNINITIALIZED_AUTOS = YES_AGGRESSIVE;
				GCC_WARN_UNUSED_FUNCTION = YES;
				GCC_WARN_UNUSED_VARIABLE = YES;
				IPHONEOS_DEPLOYMENT_TARGET = 9.3;
				MTL_ENABLE_DEBUG_INFO = NO;
				SDKROOT = iphoneos;
				TARGETED_DEVICE_FAMILY = "1,2";
				VALIDATE_PRODUCT = YES;
			};
			name = Release;
		};
		4B0DD71B1CB49EEC00439631 /* Debug */ = {
			isa = XCBuildConfiguration;
			buildSettings = {
				ASSETCATALOG_COMPILER_APPICON_NAME = AppIcon;
				INFOPLIST_FILE = ScrollViewController/Info.plist;
				IPHONEOS_DEPLOYMENT_TARGET = 8.3;
				LD_RUNPATH_SEARCH_PATHS = "$(inherited) @executable_path/Frameworks";
				PRODUCT_BUNDLE_IDENTIFIER = com.ZeroJ.ScrollViewController;
				PRODUCT_NAME = "$(TARGET_NAME)";
			};
			name = Debug;
		};
		4B0DD71C1CB49EEC00439631 /* Release */ = {
			isa = XCBuildConfiguration;
			buildSettings = {
				ASSETCATALOG_COMPILER_APPICON_NAME = AppIcon;
				INFOPLIST_FILE = ScrollViewController/Info.plist;
				IPHONEOS_DEPLOYMENT_TARGET = 8.3;
				LD_RUNPATH_SEARCH_PATHS = "$(inherited) @executable_path/Frameworks";
				PRODUCT_BUNDLE_IDENTIFIER = com.ZeroJ.ScrollViewController;
				PRODUCT_NAME = "$(TARGET_NAME)";
			};
			name = Release;
		};
		4B0DD71E1CB49EEC00439631 /* Debug */ = {
			isa = XCBuildConfiguration;
			buildSettings = {
				BUNDLE_LOADER = "$(TEST_HOST)";
				INFOPLIST_FILE = ScrollViewControllerTests/Info.plist;
				LD_RUNPATH_SEARCH_PATHS = "$(inherited) @executable_path/Frameworks @loader_path/Frameworks";
				PRODUCT_BUNDLE_IDENTIFIER = com.ZeroJ.ScrollViewControllerTests;
				PRODUCT_NAME = "$(TARGET_NAME)";
				TEST_HOST = "$(BUILT_PRODUCTS_DIR)/ScrollViewController.app/ScrollViewController";
			};
			name = Debug;
		};
		4B0DD71F1CB49EEC00439631 /* Release */ = {
			isa = XCBuildConfiguration;
			buildSettings = {
				BUNDLE_LOADER = "$(TEST_HOST)";
				INFOPLIST_FILE = ScrollViewControllerTests/Info.plist;
				LD_RUNPATH_SEARCH_PATHS = "$(inherited) @executable_path/Frameworks @loader_path/Frameworks";
				PRODUCT_BUNDLE_IDENTIFIER = com.ZeroJ.ScrollViewControllerTests;
				PRODUCT_NAME = "$(TARGET_NAME)";
				TEST_HOST = "$(BUILT_PRODUCTS_DIR)/ScrollViewController.app/ScrollViewController";
			};
			name = Release;
		};
		4B0DD7211CB49EEC00439631 /* Debug */ = {
			isa = XCBuildConfiguration;
			buildSettings = {
				INFOPLIST_FILE = ScrollViewControllerUITests/Info.plist;
				LD_RUNPATH_SEARCH_PATHS = "$(inherited) @executable_path/Frameworks @loader_path/Frameworks";
				PRODUCT_BUNDLE_IDENTIFIER = com.ZeroJ.ScrollViewControllerUITests;
				PRODUCT_NAME = "$(TARGET_NAME)";
				TEST_TARGET_NAME = ScrollViewController;
			};
			name = Debug;
		};
		4B0DD7221CB49EEC00439631 /* Release */ = {
			isa = XCBuildConfiguration;
			buildSettings = {
				INFOPLIST_FILE = ScrollViewControllerUITests/Info.plist;
				LD_RUNPATH_SEARCH_PATHS = "$(inherited) @executable_path/Frameworks @loader_path/Frameworks";
				PRODUCT_BUNDLE_IDENTIFIER = com.ZeroJ.ScrollViewControllerUITests;
				PRODUCT_NAME = "$(TARGET_NAME)";
				TEST_TARGET_NAME = ScrollViewController;
			};
			name = Release;
		};
/* End XCBuildConfiguration section */

/* Begin XCConfigurationList section */
		4B0DD6ED1CB49EEC00439631 /* Build configuration list for PBXProject "ScrollViewController" */ = {
			isa = XCConfigurationList;
			buildConfigurations = (
				4B0DD7181CB49EEC00439631 /* Debug */,
				4B0DD7191CB49EEC00439631 /* Release */,
			);
			defaultConfigurationIsVisible = 0;
			defaultConfigurationName = Release;
		};
		4B0DD71A1CB49EEC00439631 /* Build configuration list for PBXNativeTarget "ScrollViewController" */ = {
			isa = XCConfigurationList;
			buildConfigurations = (
				4B0DD71B1CB49EEC00439631 /* Debug */,
				4B0DD71C1CB49EEC00439631 /* Release */,
			);
			defaultConfigurationIsVisible = 0;
			defaultConfigurationName = Release;
		};
		4B0DD71D1CB49EEC00439631 /* Build configuration list for PBXNativeTarget "ScrollViewControllerTests" */ = {
			isa = XCConfigurationList;
			buildConfigurations = (
				4B0DD71E1CB49EEC00439631 /* Debug */,
				4B0DD71F1CB49EEC00439631 /* Release */,
			);
			defaultConfigurationIsVisible = 0;
			defaultConfigurationName = Release;
		};
		4B0DD7201CB49EEC00439631 /* Build configuration list for PBXNativeTarget "ScrollViewControllerUITests" */ = {
			isa = XCConfigurationList;
			buildConfigurations = (
				4B0DD7211CB49EEC00439631 /* Debug */,
				4B0DD7221CB49EEC00439631 /* Release */,
			);
			defaultConfigurationIsVisible = 0;
			defaultConfigurationName = Release;
		};
/* End XCConfigurationList section */
	};
	rootObject = 4B0DD6EA1CB49EEC00439631 /* Project object */;
}
